
Microsoft Visual Studio Solution File, Format Version 12.00
# Visual Studio 15
VisualStudioVersion = 15.0.27428.2015
MinimumVisualStudioVersion = 10.0.40219.1
Project("{9A19103F-16F7-4668-BE54-9A1E7A4F7556}") = "BookStore.BookCatalogService", "BookStore.BookCatalogService\BookStore.BookCatalogService.csproj", "{2A5814E4-84D6-487E-915B-5CFF2E0DC2A7}"
EndProject
Project("{FAE04EC0-301F-11D3-BF4B-00C04F79EFBC}") = "BookStore.APIGatewayService", "BookStore.APIGatewayService\BookStore.APIGatewayService.csproj", "{424D2DF2-DCF6-4B21-8A5A-A410C599226F}"
EndProject
Project("{FAE04EC0-301F-11D3-BF4B-00C04F79EFBC}") = "BookStore.CustomerService", "BookStore.CustomerService\BookStore.CustomerService.csproj", "{E2FEEA3D-A815-4F58-919E-F5577789F6F9}"
EndProject
Global
	GlobalSection(SolutionConfigurationPlatforms) = preSolution
		Debug|Any CPU = Debug|Any CPU
		Release|Any CPU = Release|Any CPU
	EndGlobalSection
	GlobalSection(ProjectConfigurationPlatforms) = postSolution
		{2A5814E4-84D6-487E-915B-5CFF2E0DC2A7}.Debug|Any CPU.ActiveCfg = Debug|Any CPU
		{2A5814E4-84D6-487E-915B-5CFF2E0DC2A7}.Debug|Any CPU.Build.0 = Debug|Any CPU
		{2A5814E4-84D6-487E-915B-5CFF2E0DC2A7}.Release|Any CPU.ActiveCfg = Release|Any CPU
		{2A5814E4-84D6-487E-915B-5CFF2E0DC2A7}.Release|Any CPU.Build.0 = Release|Any CPU
		{424D2DF2-DCF6-4B21-8A5A-A410C599226F}.Debug|Any CPU.ActiveCfg = Debug|Any CPU
		{424D2DF2-DCF6-4B21-8A5A-A410C599226F}.Debug|Any CPU.Build.0 = Debug|Any CPU
		{424D2DF2-DCF6-4B21-8A5A-A410C599226F}.Release|Any CPU.ActiveCfg = Release|Any CPU
		{424D2DF2-DCF6-4B21-8A5A-A410C599226F}.Release|Any CPU.Build.0 = Release|Any CPU
		{E2FEEA3D-A815-4F58-919E-F5577789F6F9}.Debug|Any CPU.ActiveCfg = Debug|Any CPU
		{E2FEEA3D-A815-4F58-919E-F5577789F6F9}.Debug|Any CPU.Build.0 = Debug|Any CPU
		{E2FEEA3D-A815-4F58-919E-F5577789F6F9}.Release|Any CPU.ActiveCfg = Release|Any CPU
		{E2FEEA3D-A815-4F58-919E-F5577789F6F9}.Release|Any CPU.Build.0 = Release|Any CPU
	EndGlobalSection
	GlobalSection(SolutionProperties) = preSolution
		HideSolutionNode = FALSE
	EndGlobalSection
	GlobalSection(ExtensibilityGlobals) = postSolution
		SolutionGuid = {CB0B169F-0CFB-47BA-B377-E6FD98B9CB04}
	EndGlobalSection
EndGlobal
